lockfileVersion: '6.0'

settings:
  autoInstallPeers: true
  excludeLinksFromLockfile: false

dependencies:
  clsx:
    specifier: ^2.1.0
    version: 2.1.0
  tailwind-merge:
    specifier: ^2.2.2
    version: 2.2.2

packages:

  /@babel/runtime@7.24.1:
    resolution: {integrity: sha512-+BIznRzyqBf+2wCTxcKE3wDjfGeCoVE61KSHGpkzqrLi8qxqFwBeUFyId2cxkTmm55fzDGnm0+yCxaxygrLUnQ==}
    engines: {node: '>=6.9.0'}
    dependencies:
      regenerator-runtime: 0.14.1
    dev: false

  /clsx@2.1.0:
    resolution: {integrity: sha512-m3iNNWpd9rl3jvvcBnu70ylMdrXt8Vlq4HYadnU5fwcOtvkSQWPmj7amUcDT2qYI7risszBjI5AUIUox9D16pg==}
    engines: {node: '>=6'}
    dev: false

  /regenerator-runtime@0.14.1:
    resolution: {integrity: sha512-dYnhHh0nJoMfnkZs6GmmhFknAGRrLznOu5nc9ML+EJxGvrx6H7teuevqVqCuPcPK//3eDrrjQhehXVx9cnkGdw==}
    dev: false

  /tailwind-merge@2.2.2:
    resolution: {integrity: sha512-tWANXsnmJzgw6mQ07nE3aCDkCK4QdT3ThPMCzawoYA2Pws7vSTCvz3Vrjg61jVUGfFZPJzxEP+NimbcW+EdaDw==}
    dependencies:
      '@babel/runtime': 7.24.1
    dev: false
